
Microsoft Visual Studio Solution File, Format Version 12.00
# Visual Studio Version 16
VisualStudioVersion = 16.0.31702.278
MinimumVisualStudioVersion = 10.0.40219.1
Project("{FAE04EC0-301F-11D3-BF4B-00C04F79EFBC}") = "ActivityReport1.Server", "Server\ActivityReport1.Server.csproj", "{7774A70C-33D4-4632-A31D-D41F1FA22F8D}"
EndProject
Project("{FAE04EC0-301F-11D3-BF4B-00C04F79EFBC}") = "ActivityReport1.Client", "Client\ActivityReport1.Client.csproj", "{EBF69649-2B32-4165-9287-BE36FECFA362}"
EndProject
Project("{FAE04EC0-301F-11D3-BF4B-00C04F79EFBC}") = "ActivityReport1.Shared", "Shared\ActivityReport1.Shared.csproj", "{F91840CD-2A2C-4A26-B95F-ACD4188BD808}"
EndProject
Global
	GlobalSection(SolutionConfigurationPlatforms) = preSolution
		Debug|Any CPU = Debug|Any CPU
		Release|Any CPU = Release|Any CPU
	EndGlobalSection
	GlobalSection(ProjectConfigurationPlatforms) = postSolution
		{7774A70C-33D4-4632-A31D-D41F1FA22F8D}.Debug|Any CPU.ActiveCfg = Debug|Any CPU
		{7774A70C-33D4-4632-A31D-D41F1FA22F8D}.Debug|Any CPU.Build.0 = Debug|Any CPU
		{7774A70C-33D4-4632-A31D-D41F1FA22F8D}.Release|Any CPU.ActiveCfg = Release|Any CPU
		{7774A70C-33D4-4632-A31D-D41F1FA22F8D}.Release|Any CPU.Build.0 = Release|Any CPU
		{EBF69649-2B32-4165-9287-BE36FECFA362}.Debug|Any CPU.ActiveCfg = Debug|Any CPU
		{EBF69649-2B32-4165-9287-BE36FECFA362}.Debug|Any CPU.Build.0 = Debug|Any CPU
		{EBF69649-2B32-4165-9287-BE36FECFA362}.Release|Any CPU.ActiveCfg = Release|Any CPU
		{EBF69649-2B32-4165-9287-BE36FECFA362}.Release|Any CPU.Build.0 = Release|Any CPU
		{F91840CD-2A2C-4A26-B95F-ACD4188BD808}.Debug|Any CPU.ActiveCfg = Debug|Any CPU
		{F91840CD-2A2C-4A26-B95F-ACD4188BD808}.Debug|Any CPU.Build.0 = Debug|Any CPU
		{F91840CD-2A2C-4A26-B95F-ACD4188BD808}.Release|Any CPU.ActiveCfg = Release|Any CPU
		{F91840CD-2A2C-4A26-B95F-ACD4188BD808}.Release|Any CPU.Build.0 = Release|Any CPU
	EndGlobalSection
	GlobalSection(SolutionProperties) = preSolution
		HideSolutionNode = FALSE
	EndGlobalSection
	GlobalSection(ExtensibilityGlobals) = postSolution
		SolutionGuid = {562A43F7-94D7-4D4B-8F74-C74EE064845E}
	EndGlobalSection
EndGlobal
