
Microsoft Visual Studio Solution File, Format Version 12.00
# Visual Studio Version 16
VisualStudioVersion = 16.0.31702.278
MinimumVisualStudioVersion = 10.0.40219.1
Project("{9A19103F-16F7-4668-BE54-9A1E7A4F7556}") = "Reddocoin", "Reddocoin.csproj", "{A86581E5-7FE5-4803-8F15-AB41C7D752CD}"
EndProject
Global
	GlobalSection(SolutionConfigurationPlatforms) = preSolution
		Debug|Any CPU = Debug|Any CPU
		Release|Any CPU = Release|Any CPU
	EndGlobalSection
	GlobalSection(ProjectConfigurationPlatforms) = postSolution
		{A86581E5-7FE5-4803-8F15-AB41C7D752CD}.Debug|Any CPU.ActiveCfg = Debug|Any CPU
		{A86581E5-7FE5-4803-8F15-AB41C7D752CD}.Debug|Any CPU.Build.0 = Debug|Any CPU
		{A86581E5-7FE5-4803-8F15-AB41C7D752CD}.Release|Any CPU.ActiveCfg = Release|Any CPU
		{A86581E5-7FE5-4803-8F15-AB41C7D752CD}.Release|Any CPU.Build.0 = Release|Any CPU
	EndGlobalSection
	GlobalSection(SolutionProperties) = preSolution
		HideSolutionNode = FALSE
	EndGlobalSection
	GlobalSection(ExtensibilityGlobals) = postSolution
		SolutionGuid = {184C2728-C9B8-409E-9B49-6F5397213332}
	EndGlobalSection
EndGlobal
